
Microsoft Visual Studio Solution File, Format Version 12.00
# Visual Studio Version 17
VisualStudioVersion = 17.5.33627.172
MinimumVisualStudioVersion = 10.0.40219.1
Project("{FAE04EC0-301F-11D3-BF4B-00C04F79EFBC}") = "Proj_FISELE", "Proj_FISELE\Proj_FISELE.csproj", "{2545D65E-FC07-4669-8EB1-5FCB8334F548}"
EndProject
Global
	GlobalSection(SolutionConfigurationPlatforms) = preSolution
		Debug|Any CPU = Debug|Any CPU
		Release|Any CPU = Release|Any CPU
	EndGlobalSection
	GlobalSection(ProjectConfigurationPlatforms) = postSolution
		{2545D65E-FC07-4669-8EB1-5FCB8334F548}.Debug|Any CPU.ActiveCfg = Debug|Any CPU
		{2545D65E-FC07-4669-8EB1-5FCB8334F548}.Debug|Any CPU.Build.0 = Debug|Any CPU
		{2545D65E-FC07-4669-8EB1-5FCB8334F548}.Release|Any CPU.ActiveCfg = Release|Any CPU
		{2545D65E-FC07-4669-8EB1-5FCB8334F548}.Release|Any CPU.Build.0 = Release|Any CPU
	EndGlobalSection
	GlobalSection(SolutionProperties) = preSolution
		HideSolutionNode = FALSE
	EndGlobalSection
	GlobalSection(ExtensibilityGlobals) = postSolution
		SolutionGuid = {9D75E03F-1498-4129-AC14-3D9B291016F7}
	EndGlobalSection
EndGlobal
